{
  "name": "arc-sidepanel-api",
  "version": "0.1.0",
  "lockfileVersion": 3,
  "requires": true,
  "packages": {
    "": {
      "name": "arc-sidepanel-api",
      "version": "0.1.0",
      "license": "MIT",
      "workspaces": [
        "packages/core",
        "packages/native-host",
        "packages/extension"
      ],
      "engines": {
        "node": ">=18"
      }
    },
    "node_modules/@arc-sidepanel-api/core": {
      "resolved": "packages/core",
      "link": true
    },
    "node_modules/@arc-sidepanel-api/native-host": {
      "resolved": "packages/native-host",
      "link": true
    },
    "packages/core": {
      "name": "@arc-sidepanel-api/core",
      "version": "0.1.0",
      "license": "MIT",
      "engines": {
        "node": ">=18"
      }
    },
    "packages/native-host": {
      "name": "@arc-sidepanel-api/native-host",
      "version": "0.1.0",
      "license": "MIT",
      "dependencies": {
        "@arc-sidepanel-api/core": "^0.1.0"
      },
      "bin": {
        "arc-sidepanel-api-host": "src/index.js"
      },
      "engines": {
        "node": ">=18"
      }
    }
  }
}
